
Microsoft Visual Studio Solution File, Format Version 12.00
# Visual Studio Version 16
VisualStudioVersion = 16.0.30406.217
MinimumVisualStudioVersion = 10.0.40219.1
Project("{FAE04EC0-301F-11D3-BF4B-00C04F79EFBC}") = "MenuBuilder", "MenuBuilder\MenuBuilder.csproj", "{9C18ECEA-50EB-4C5E-A117-0D84AE8BBBC9}"
EndProject
Project("{FAE04EC0-301F-11D3-BF4B-00C04F79EFBC}") = "MenuBuilderConsole", "MenuBuilderConsole\MenuBuilderConsole.csproj", "{A0313002-5FDC-49E7-8371-E9F16C93CAF6}"
EndProject
Global
	GlobalSection(SolutionConfigurationPlatforms) = preSolution
		Debug|Any CPU = Debug|Any CPU
		Release|Any CPU = Release|Any CPU
	EndGlobalSection
	GlobalSection(ProjectConfigurationPlatforms) = postSolution
		{9C18ECEA-50EB-4C5E-A117-0D84AE8BBBC9}.Debug|Any CPU.ActiveCfg = Debug|Any CPU
		{9C18ECEA-50EB-4C5E-A117-0D84AE8BBBC9}.Debug|Any CPU.Build.0 = Debug|Any CPU
		{9C18ECEA-50EB-4C5E-A117-0D84AE8BBBC9}.Release|Any CPU.ActiveCfg = Release|Any CPU
		{9C18ECEA-50EB-4C5E-A117-0D84AE8BBBC9}.Release|Any CPU.Build.0 = Release|Any CPU
		{A0313002-5FDC-49E7-8371-E9F16C93CAF6}.Debug|Any CPU.ActiveCfg = Debug|Any CPU
		{A0313002-5FDC-49E7-8371-E9F16C93CAF6}.Debug|Any CPU.Build.0 = Debug|Any CPU
		{A0313002-5FDC-49E7-8371-E9F16C93CAF6}.Release|Any CPU.ActiveCfg = Release|Any CPU
		{A0313002-5FDC-49E7-8371-E9F16C93CAF6}.Release|Any CPU.Build.0 = Release|Any CPU
	EndGlobalSection
	GlobalSection(SolutionProperties) = preSolution
		HideSolutionNode = FALSE
	EndGlobalSection
	GlobalSection(ExtensibilityGlobals) = postSolution
		SolutionGuid = {E89DF7FC-98FB-436A-B7ED-584CDC41DC52}
	EndGlobalSection
EndGlobal
